// !$*UTF8*$!
{
	archiveVersion = 1;
	classes = {
	};
	objectVersion = 50;
	objects = {

/* Begin PBXBuildFile section */
		8ECE2D4E239AB49E009E7CD0 /* AppDelegate.m in Sources */ = {isa = PBXBuildFile; fileRef = 8ECE2D4D239AB49E009E7CD0 /* AppDelegate.m */; };
		8ECE2D51239AB49E009E7CD0 /* SceneDelegate.m in Sources */ = {isa = PBXBuildFile; fileRef = 8ECE2D50239AB49E009E7CD0 /* SceneDelegate.m */; };
		8ECE2D57239AB49E009E7CD0 /* Main.storyboard in Resources */ = {isa = PBXBuildFile; fileRef = 8ECE2D55239AB49E009E7CD0 /* Main.storyboard */; };
		8ECE2D59239AB4A1009E7CD0 /* Assets.xcassets in Resources */ = {isa = PBXBuildFile; fileRef = 8ECE2D58239AB4A1009E7CD0 /* Assets.xcassets */; };
		8ECE2D5C239AB4A1009E7CD0 /* LaunchScreen.storyboard in Resources */ = {isa = PBXBuildFile; fileRef = 8ECE2D5A239AB4A1009E7CD0 /* LaunchScreen.storyboard */; };
		8ECE2D5F239AB4A1009E7CD0 /* main.m in Sources */ = {isa = PBXBuildFile; fileRef = 8ECE2D5E239AB4A1009E7CD0 /* main.m */; };
		8ECE2D6B239AB5BC009E7CD0 /* JATMovie.m in Sources */ = {isa = PBXBuildFile; fileRef = 8ECE2D6A239AB5BC009E7CD0 /* JATMovie.m */; };
		8ECE2D6E239AB8D2009E7CD0 /* JATMovieController.m in Sources */ = {isa = PBXBuildFile; fileRef = 8ECE2D6D239AB8D2009E7CD0 /* JATMovieController.m */; };
		8ECE2D77239AC30E009E7CD0 /* JATMovieListTableViewController.swift in Sources */ = {isa = PBXBuildFile; fileRef = 8ECE2D76239AC30E009E7CD0 /* JATMovieListTableViewController.swift */; };
		8ECE2D79239AC6D2009E7CD0 /* JATMovieTableViewCell.swift in Sources */ = {isa = PBXBuildFile; fileRef = 8ECE2D78239AC6D2009E7CD0 /* JATMovieTableViewCell.swift */; };
/* End PBXBuildFile section */

/* Begin PBXFileReference section */
		8ECE2D49239AB49E009E7CD0 /* MovieHybrid.app */ = {isa = PBXFileReference; explicitFileType = wrapper.application; includeInIndex = 0; path = MovieHybrid.app; sourceTree = BUILT_PRODUCTS_DIR; };
		8ECE2D4C239AB49E009E7CD0 /* AppDelegate.h */ = {isa = PBXFileReference; lastKnownFileType = sourcecode.c.h; path = AppDelegate.h; sourceTree = "<group>"; };
		8ECE2D4D239AB49E009E7CD0 /* AppDelegate.m */ = {isa = PBXFileReference; lastKnownFileType = sourcecode.c.objc; path = AppDelegate.m; sourceTree = "<group>"; };
		8ECE2D4F239AB49E009E7CD0 /* SceneDelegate.h */ = {isa = PBXFileReference; lastKnownFileType = sourcecode.c.h; path = SceneDelegate.h; sourceTree = "<group>"; };
		8ECE2D50239AB49E009E7CD0 /* SceneDelegate.m */ = {isa = PBXFileReference; lastKnownFileType = sourcecode.c.objc; path = SceneDelegate.m; sourceTree = "<group>"; };
		8ECE2D56239AB49E009E7CD0 /* Base */ = {isa = PBXFileReference; lastKnownFileType = file.storyboard; name = Base; path = Base.lproj/Main.storyboard; sourceTree = "<group>"; };
		8ECE2D58239AB4A1009E7CD0 /* Assets.xcassets */ = {isa = PBXFileReference; lastKnownFileType = folder.assetcatalog; path = Assets.xcassets; sourceTree = "<group>"; };
		8ECE2D5B239AB4A1009E7CD0 /* Base */ = {isa = PBXFileReference; lastKnownFileType = file.storyboard; name = Base; path = Base.lproj/LaunchScreen.storyboard; sourceTree = "<group>"; };
		8ECE2D5D239AB4A1009E7CD0 /* Info.plist */ = {isa = PBXFileReference; lastKnownFileType = text.plist.xml; path = Info.plist; sourceTree = "<group>"; };
		8ECE2D5E239AB4A1009E7CD0 /* main.m */ = {isa = PBXFileReference; lastKnownFileType = sourcecode.c.objc; path = main.m; sourceTree = "<group>"; };
		8ECE2D69239AB5BC009E7CD0 /* JATMovie.h */ = {isa = PBXFileReference; lastKnownFileType = sourcecode.c.h; path = JATMovie.h; sourceTree = "<group>"; };
		8ECE2D6A239AB5BC009E7CD0 /* JATMovie.m */ = {isa = PBXFileReference; lastKnownFileType = sourcecode.c.objc; path = JATMovie.m; sourceTree = "<group>"; };
		8ECE2D6C239AB8D2009E7CD0 /* JATMovieController.h */ = {isa = PBXFileReference; lastKnownFileType = sourcecode.c.h; path = JATMovieController.h; sourceTree = "<group>"; };
		8ECE2D6D239AB8D2009E7CD0 /* JATMovieController.m */ = {isa = PBXFileReference; lastKnownFileType = sourcecode.c.objc; path = JATMovieController.m; sourceTree = "<group>"; };
		8ECE2D75239AC30E009E7CD0 /* MovieHybrid-Bridging-Header.h */ = {isa = PBXFileReference; lastKnownFileType = sourcecode.c.h; path = "MovieHybrid-Bridging-Header.h"; sourceTree = "<group>"; };
		8ECE2D76239AC30E009E7CD0 /* JATMovieListTableViewController.swift */ = {isa = PBXFileReference; lastKnownFileType = sourcecode.swift; path = JATMovieListTableViewController.swift; sourceTree = "<group>"; };
		8ECE2D78239AC6D2009E7CD0 /* JATMovieTableViewCell.swift */ = {isa = PBXFileReference; lastKnownFileType = sourcecode.swift; path = JATMovieTableViewCell.swift; sourceTree = "<group>"; };
/* End PBXFileReference section */

/* Begin PBXFrameworksBuildPhase section */
		8ECE2D46239AB49E009E7CD0 /* Frameworks */ = {
			isa = PBXFrameworksBuildPhase;
			buildActionMask = 2147483647;
			files = (
			);
			runOnlyForDeploymentPostprocessing = 0;
		};
/* End PBXFrameworksBuildPhase section */

/* Begin PBXGroup section */
		8ECE2D40239AB49D009E7CD0 = {
			isa = PBXGroup;
			children = (
				8ECE2D4B239AB49E009E7CD0 /* MovieHybrid */,
				8ECE2D4A239AB49E009E7CD0 /* Products */,
			);
			sourceTree = "<group>";
		};
		8ECE2D4A239AB49E009E7CD0 /* Products */ = {
			isa = PBXGroup;
			children = (
				8ECE2D49239AB49E009E7CD0 /* MovieHybrid.app */,
			);
			name = Products;
			sourceTree = "<group>";
		};
		8ECE2D4B239AB49E009E7CD0 /* MovieHybrid */ = {
			isa = PBXGroup;
			children = (
				8ECE2D71239AC1DB009E7CD0 /* Storyboards */,
				8ECE2D68239AB4E1009E7CD0 /* Model */,
				8ECE2D67239AB4D9009E7CD0 /* ModelController */,
				8ECE2D66239AB4D0009E7CD0 /* ViewController */,
				8ECE2D65239AB4B1009E7CD0 /* Resources */,
			);
			path = MovieHybrid;
			sourceTree = "<group>";
		};
		8ECE2D65239AB4B1009E7CD0 /* Resources */ = {
			isa = PBXGroup;
			children = (
				8ECE2D4C239AB49E009E7CD0 /* AppDelegate.h */,
				8ECE2D4D239AB49E009E7CD0 /* AppDelegate.m */,
				8ECE2D4F239AB49E009E7CD0 /* SceneDelegate.h */,
				8ECE2D50239AB49E009E7CD0 /* SceneDelegate.m */,
				8ECE2D58239AB4A1009E7CD0 /* Assets.xcassets */,
				8ECE2D5D239AB4A1009E7CD0 /* Info.plist */,
				8ECE2D5E239AB4A1009E7CD0 /* main.m */,
			);
			path = Resources;
			sourceTree = "<group>";
		};
		8ECE2D66239AB4D0009E7CD0 /* ViewController */ = {
			isa = PBXGroup;
			children = (
				8ECE2D76239AC30E009E7CD0 /* JATMovieListTableViewController.swift */,
				8ECE2D75239AC30E009E7CD0 /* MovieHybrid-Bridging-Header.h */,
				8ECE2D6F239AC1B3009E7CD0 /* CustomCell */,
			);
			path = ViewController;
			sourceTree = "<group>";
		};
		8ECE2D67239AB4D9009E7CD0 /* ModelController */ = {
			isa = PBXGroup;
			children = (
				8ECE2D6C239AB8D2009E7CD0 /* JATMovieController.h */,
				8ECE2D6D239AB8D2009E7CD0 /* JATMovieController.m */,
			);
			path = ModelController;
			sourceTree = "<group>";
		};
		8ECE2D68239AB4E1009E7CD0 /* Model */ = {
			isa = PBXGroup;
			children = (
				8ECE2D69239AB5BC009E7CD0 /* JATMovie.h */,
				8ECE2D6A239AB5BC009E7CD0 /* JATMovie.m */,
			);
			path = Model;
			sourceTree = "<group>";
		};
		8ECE2D6F239AC1B3009E7CD0 /* CustomCell */ = {
			isa = PBXGroup;
			children = (
				8ECE2D78239AC6D2009E7CD0 /* JATMovieTableViewCell.swift */,
			);
			path = CustomCell;
			sourceTree = "<group>";
		};
		8ECE2D71239AC1DB009E7CD0 /* Storyboards */ = {
			isa = PBXGroup;
			children = (
				8ECE2D55239AB49E009E7CD0 /* Main.storyboard */,
				8ECE2D5A239AB4A1009E7CD0 /* LaunchScreen.storyboard */,
			);
			path = Storyboards;
			sourceTree = "<group>";
		};
/* End PBXGroup section */

/* Begin PBXNativeTarget section */
		8ECE2D48239AB49E009E7CD0 /* MovieHybrid */ = {
			isa = PBXNativeTarget;
			buildConfigurationList = 8ECE2D62239AB4A1009E7CD0 /* Build configuration list for PBXNativeTarget "MovieHybrid" */;
			buildPhases = (
				8ECE2D45239AB49E009E7CD0 /* Sources */,
				8ECE2D46239AB49E009E7CD0 /* Frameworks */,
				8ECE2D47239AB49E009E7CD0 /* Resources */,
			);
			buildRules = (
			);
			dependencies = (
			);
			name = MovieHybrid;
			productName = MovieHybrid;
			productReference = 8ECE2D49239AB49E009E7CD0 /* MovieHybrid.app */;
			productType = "com.apple.product-type.application";
		};
/* End PBXNativeTarget section */

/* Begin PBXProject section */
		8ECE2D41239AB49D009E7CD0 /* Project object */ = {
			isa = PBXProject;
			attributes = {
				CLASSPREFIX = JAT;
				LastUpgradeCheck = 1120;
				ORGANIZATIONNAME = "Anthony Torres";
				TargetAttributes = {
					8ECE2D48239AB49E009E7CD0 = {
						CreatedOnToolsVersion = 11.2.1;
						LastSwiftMigration = 1120;
					};
				};
			};
			buildConfigurationList = 8ECE2D44239AB49D009E7CD0 /* Build configuration list for PBXProject "MovieHybrid" */;
			compatibilityVersion = "Xcode 9.3";
			developmentRegion = en;
			hasScannedForEncodings = 0;
			knownRegions = (
				en,
				Base,
			);
			mainGroup = 8ECE2D40239AB49D009E7CD0;
			productRefGroup = 8ECE2D4A239AB49E009E7CD0 /* Products */;
			projectDirPath = "";
			projectRoot = "";
			targets = (
				8ECE2D48239AB49E009E7CD0 /* MovieHybrid */,
			);
		};
/* End PBXProject section */

/* Begin PBXResourcesBuildPhase section */
		8ECE2D47239AB49E009E7CD0 /* Resources */ = {
			isa = PBXResourcesBuildPhase;
			buildActionMask = 2147483647;
			files = (
				8ECE2D5C239AB4A1009E7CD0 /* LaunchScreen.storyboard in Resources */,
				8ECE2D59239AB4A1009E7CD0 /* Assets.xcassets in Resources */,
				8ECE2D57239AB49E009E7CD0 /* Main.storyboard in Resources */,
			);
			runOnlyForDeploymentPostprocessing = 0;
		};
/* End PBXResourcesBuildPhase section */

/* Begin PBXSourcesBuildPhase section */
		8ECE2D45239AB49E009E7CD0 /* Sources */ = {
			isa = PBXSourcesBuildPhase;
			buildActionMask = 2147483647;
			files = (
				8ECE2D77239AC30E009E7CD0 /* JATMovieListTableViewController.swift in Sources */,
				8ECE2D79239AC6D2009E7CD0 /* JATMovieTableViewCell.swift in Sources */,
				8ECE2D6B239AB5BC009E7CD0 /* JATMovie.m in Sources */,
				8ECE2D4E239AB49E009E7CD0 /* AppDelegate.m in Sources */,
				8ECE2D5F239AB4A1009E7CD0 /* main.m in Sources */,
				8ECE2D6E239AB8D2009E7CD0 /* JATMovieController.m in Sources */,
				8ECE2D51239AB49E009E7CD0 /* SceneDelegate.m in Sources */,
			);
			runOnlyForDeploymentPostprocessing = 0;
		};
/* End PBXSourcesBuildPhase section */

/* Begin PBXVariantGroup section */
		8ECE2D55239AB49E009E7CD0 /* Main.storyboard */ = {
			isa = PBXVariantGroup;
			children = (
				8ECE2D56239AB49E009E7CD0 /* Base */,
			);
			name = Main.storyboard;
			sourceTree = "<group>";
		};
		8ECE2D5A239AB4A1009E7CD0 /* LaunchScreen.storyboard */ = {
			isa = PBXVariantGroup;
			children = (
				8ECE2D5B239AB4A1009E7CD0 /* Base */,
			);
			name = LaunchScreen.storyboard;
			sourceTree = "<group>";
		};
/* End PBXVariantGroup section */

/* Begin XCBuildConfiguration section */
		8ECE2D60239AB4A1009E7CD0 /* Debug */ = {
			isa = XCBuildConfiguration;
			buildSettings = {
				ALWAYS_SEARCH_USER_PATHS = NO;
				CLANG_ANALYZER_NONNULL = YES;
				CLANG_ANALYZER_NUMBER_OBJECT_CONVERSION = YES_AGGRESSIVE;
				CLANG_CXX_LANGUAGE_STANDARD = "gnu++14";
				CLANG_CXX_LIBRARY = "libc++";
				CLANG_ENABLE_MODULES = YES;
				CLANG_ENABLE_OBJC_ARC = YES;
				CLANG_ENABLE_OBJC_WEAK = YES;
				CLANG_WARN_BLOCK_CAPTURE_AUTORELEASING = YES;
				CLANG_WARN_BOOL_CONVERSION = YES;
				CLANG_WARN_COMMA = YES;
				CLANG_WARN_CONSTANT_CONVERSION = YES;
				CLANG_WARN_DEPRECATED_OBJC_IMPLEMENTATIONS = YES;
				CLANG_WARN_DIRECT_OBJC_ISA_USAGE = YES_ERROR;
				CLANG_WARN_DOCUMENTATION_COMMENTS = YES;
				CLANG_WARN_EMPTY_BODY = YES;
				CLANG_WARN_ENUM_CONVERSION = YES;
				CLANG_WARN_INFINITE_RECURSION = YES;
				CLANG_WARN_INT_CONVERSION = YES;
				CLANG_WARN_NON_LITERAL_NULL_CONVERSION = YES;
				CLANG_WARN_OBJC_IMPLICIT_RETAIN_SELF = YES;
				CLANG_WARN_OBJC_LITERAL_CONVERSION = YES;
				CLANG_WARN_OBJC_ROOT_CLASS = YES_ERROR;
				CLANG_WARN_RANGE_LOOP_ANALYSIS = YES;
				CLANG_WARN_STRICT_PROTOTYPES = YES;
				CLANG_WARN_SUSPICIOUS_MOVE = YES;
				CLANG_WARN_UNGUARDED_AVAILABILITY = YES_AGGRESSIVE;
				CLANG_WARN_UNREACHABLE_CODE = YES;
				CLANG_WARN__DUPLICATE_METHOD_MATCH = YES;
				COPY_PHASE_STRIP = NO;
				DEBUG_INFORMATION_FORMAT = dwarf;
				ENABLE_STRICT_OBJC_MSGSEND = YES;
				ENABLE_TESTABILITY = YES;
				GCC_C_LANGUAGE_STANDARD = gnu11;
				GCC_DYNAMIC_NO_PIC = NO;
				GCC_NO_COMMON_BLOCKS = YES;
				GCC_OPTIMIZATION_LEVEL = 0;
				GCC_PREPROCESSOR_DEFINITIONS = (
					"DEBUG=1",
					"$(inherited)",
				);
				GCC_WARN_64_TO_32_BIT_CONVERSION = YES;
				GCC_WARN_ABOUT_RETURN_TYPE = YES_ERROR;
				GCC_WARN_UNDECLARED_SELECTOR = YES;
				GCC_WARN_UNINITIALIZED_AUTOS = YES_AGGRESSIVE;
				GCC_WARN_UNUSED_FUNCTION = YES;
				GCC_WARN_UNUSED_VARIABLE = YES;
				IPHONEOS_DEPLOYMENT_TARGET = 13.2;
				MTL_ENABLE_DEBUG_INFO = INCLUDE_SOURCE;
				MTL_FAST_MATH = YES;
				ONLY_ACTIVE_ARCH = YES;
				SDKROOT = iphoneos;
			};
			name = Debug;
		};
		8ECE2D61239AB4A1009E7CD0 /* Release */ = {
			isa = XCBuildConfiguration;
			buildSettings = {
				ALWAYS_SEARCH_USER_PATHS = NO;
				CLANG_ANALYZER_NONNULL = YES;
				CLANG_ANALYZER_NUMBER_OBJECT_CONVERSION = YES_AGGRESSIVE;
				CLANG_CXX_LANGUAGE_STANDARD = "gnu++14";
				CLANG_CXX_LIBRARY = "libc++";
				CLANG_ENABLE_MODULES = YES;
				CLANG_ENABLE_OBJC_ARC = YES;
				CLANG_ENABLE_OBJC_WEAK = YES;
				CLANG_WARN_BLOCK_CAPTURE_AUTORELEASING = YES;
				CLANG_WARN_BOOL_CONVERSION = YES;
				CLANG_WARN_COMMA = YES;
				CLANG_WARN_CONSTANT_CONVERSION = YES;
				CLANG_WARN_DEPRECATED_OBJC_IMPLEMENTATIONS = YES;
				CLANG_WARN_DIRECT_OBJC_ISA_USAGE = YES_ERROR;
				CLANG_WARN_DOCUMENTATION_COMMENTS = YES;
				CLANG_WARN_EMPTY_BODY = YES;
				CLANG_WARN_ENUM_CONVERSION = YES;
				CLANG_WARN_INFINITE_RECURSION = YES;
				CLANG_WARN_INT_CONVERSION = YES;
				CLANG_WARN_NON_LITERAL_NULL_CONVERSION = YES;
				CLANG_WARN_OBJC_IMPLICIT_RETAIN_SELF = YES;
				CLANG_WARN_OBJC_LITERAL_CONVERSION = YES;
				CLANG_WARN_OBJC_ROOT_CLASS = YES_ERROR;
				CLANG_WARN_RANGE_LOOP_ANALYSIS = YES;
				CLANG_WARN_STRICT_PROTOTYPES = YES;
				CLANG_WARN_SUSPICIOUS_MOVE = YES;
				CLANG_WARN_UNGUARDED_AVAILABILITY = YES_AGGRESSIVE;
				CLANG_WARN_UNREACHABLE_CODE = YES;
				CLANG_WARN__DUPLICATE_METHOD_MATCH = YES;
				COPY_PHASE_STRIP = NO;
				DEBUG_INFORMATION_FORMAT = "dwarf-with-dsym";
				ENABLE_NS_ASSERTIONS = NO;
				ENABLE_STRICT_OBJC_MSGSEND = YES;
				GCC_C_LANGUAGE_STANDARD = gnu11;
				GCC_NO_COMMON_BLOCKS = YES;
				GCC_WARN_64_TO_32_BIT_CONVERSION = YES;
				GCC_WARN_ABOUT_RETURN_TYPE = YES_ERROR;
				GCC_WARN_UNDECLARED_SELECTOR = YES;
				GCC_WARN_UNINITIALIZED_AUTOS = YES_AGGRESSIVE;
				GCC_WARN_UNUSED_FUNCTION = YES;
				GCC_WARN_UNUSED_VARIABLE = YES;
				IPHONEOS_DEPLOYMENT_TARGET = 13.2;
				MTL_ENABLE_DEBUG_INFO = NO;
				MTL_FAST_MATH = YES;
				SDKROOT = iphoneos;
				VALIDATE_PRODUCT = YES;
			};
			name = Release;
		};
		8ECE2D63239AB4A1009E7CD0 /* Debug */ = {
			isa = XCBuildConfiguration;
			buildSettings = {
				ASSETCATALOG_COMPILER_APPICON_NAME = AppIcon;
				CLANG_ENABLE_MODULES = YES;
				CODE_SIGN_STYLE = Automatic;
				INFOPLIST_FILE = MovieHybrid/Resources/Info.plist;
				LD_RUNPATH_SEARCH_PATHS = (
					"$(inherited)",
					"@executable_path/Frameworks",
				);
				PRODUCT_BUNDLE_IDENTIFIER = Anthony.MovieHybrid;
				PRODUCT_NAME = "$(TARGET_NAME)";
				SWIFT_OBJC_BRIDGING_HEADER = "MovieHybrid/ViewController/MovieHybrid-Bridging-Header.h";
				SWIFT_OPTIMIZATION_LEVEL = "-Onone";
				SWIFT_VERSION = 5.0;
				TARGETED_DEVICE_FAMILY = "1,2";
			};
			name = Debug;
		};
		8ECE2D64239AB4A1009E7CD0 /* Release */ = {
			isa = XCBuildConfiguration;
			buildSettings = {
				ASSETCATALOG_COMPILER_APPICON_NAME = AppIcon;
				CLANG_ENABLE_MODULES = YES;
				CODE_SIGN_STYLE = Automatic;
				INFOPLIST_FILE = MovieHybrid/Resources/Info.plist;
				LD_RUNPATH_SEARCH_PATHS = (
					"$(inherited)",
					"@executable_path/Frameworks",
				);
				PRODUCT_BUNDLE_IDENTIFIER = Anthony.MovieHybrid;
				PRODUCT_NAME = "$(TARGET_NAME)";
				SWIFT_OBJC_BRIDGING_HEADER = "MovieHybrid/ViewController/MovieHybrid-Bridging-Header.h";
				SWIFT_VERSION = 5.0;
				TARGETED_DEVICE_FAMILY = "1,2";
			};
			name = Release;
		};
/* End XCBuildConfiguration section */

/* Begin XCConfigurationList section */
		8ECE2D44239AB49D009E7CD0 /* Build configuration list for PBXProject "MovieHybrid" */ = {
			isa = XCConfigurationList;
			buildConfigurations = (
				8ECE2D60239AB4A1009E7CD0 /* Debug */,
				8ECE2D61239AB4A1009E7CD0 /* Release */,
			);
			defaultConfigurationIsVisible = 0;
			defaultConfigurationName = Release;
		};
		8ECE2D62239AB4A1009E7CD0 /* Build configuration list for PBXNativeTarget "MovieHybrid" */ = {
			isa = XCConfigurationList;
			buildConfigurations = (
				8ECE2D63239AB4A1009E7CD0 /* Debug */,
				8ECE2D64239AB4A1009E7CD0 /* Release */,
			);
			defaultConfigurationIsVisible = 0;
			defaultConfigurationName = Release;
		};
/* End XCConfigurationList section */
	};
	rootObject = 8ECE2D41239AB49D009E7CD0 /* Project object */;
}
